
Microsoft Visual Studio Solution File, Format Version 12.00
# Visual Studio Version 17
VisualStudioVersion = 17.10.35122.118
MinimumVisualStudioVersion = 10.0.40219.1
Project("{FAE04EC0-301F-11D3-BF4B-00C04F79EFBC}") = "WebInvoice_GenAI", "WebInvoice_GenAI.csproj", "{9CF0DB96-8C79-4787-8D2B-6F32EA48990E}"
EndProject
Global
	GlobalSection(SolutionConfigurationPlatforms) = preSolution
		Debug|Any CPU = Debug|Any CPU
		Release|Any CPU = Release|Any CPU
	EndGlobalSection
	GlobalSection(ProjectConfigurationPlatforms) = postSolution
		{9CF0DB96-8C79-4787-8D2B-6F32EA48990E}.Debug|Any CPU.ActiveCfg = Debug|Any CPU
		{9CF0DB96-8C79-4787-8D2B-6F32EA48990E}.Debug|Any CPU.Build.0 = Debug|Any CPU
		{9CF0DB96-8C79-4787-8D2B-6F32EA48990E}.Release|Any CPU.ActiveCfg = Release|Any CPU
		{9CF0DB96-8C79-4787-8D2B-6F32EA48990E}.Release|Any CPU.Build.0 = Release|Any CPU
	EndGlobalSection
	GlobalSection(SolutionProperties) = preSolution
		HideSolutionNode = FALSE
	EndGlobalSection
	GlobalSection(ExtensibilityGlobals) = postSolution
		SolutionGuid = {8809C454-6285-4765-937B-7B478DA56D38}
	EndGlobalSection
EndGlobal
